
Microsoft Visual Studio Solution File, Format Version 12.00
# Visual Studio Version 17
VisualStudioVersion = 17.2.32630.192
MinimumVisualStudioVersion = 10.0.40219.1
Project("{FAE04EC0-301F-11D3-BF4B-00C04F79EFBC}") = "testProgram", "testProgram\testProgram.csproj", "{302091A7-C6C8-4E56-B0BB-2A1B7EA1FFFB}"
EndProject
Global
	GlobalSection(SolutionConfigurationPlatforms) = preSolution
		Debug|Any CPU = Debug|Any CPU
		Release|Any CPU = Release|Any CPU
	EndGlobalSection
	GlobalSection(ProjectConfigurationPlatforms) = postSolution
		{302091A7-C6C8-4E56-B0BB-2A1B7EA1FFFB}.Debug|Any CPU.ActiveCfg = Debug|Any CPU
		{302091A7-C6C8-4E56-B0BB-2A1B7EA1FFFB}.Debug|Any CPU.Build.0 = Debug|Any CPU
		{302091A7-C6C8-4E56-B0BB-2A1B7EA1FFFB}.Release|Any CPU.ActiveCfg = Release|Any CPU
		{302091A7-C6C8-4E56-B0BB-2A1B7EA1FFFB}.Release|Any CPU.Build.0 = Release|Any CPU
	EndGlobalSection
	GlobalSection(SolutionProperties) = preSolution
		HideSolutionNode = FALSE
	EndGlobalSection
	GlobalSection(ExtensibilityGlobals) = postSolution
		SolutionGuid = {E7AB6490-F014-4818-BB37-ABD3D81F359C}
	EndGlobalSection
EndGlobal
